<?xml version="1.0" encoding="utf-8"?>
<Project ToolsVersion="4.0" xmlns="http://schemas.microsoft.com/developer/msbuild/2003">
  <ItemGroup>
    <Filter Include="소스 파일">
      <UniqueIdentifier>{4FC737F1-C7A5-4376-A066-2A32D752A2FF}</UniqueIdentifier>
      <Extensions>cpp;c;cc;cxx;def;odl;idl;hpj;bat;asm;asmx</Extensions>
    </Filter>
    <Filter Include="소스 파일\Skin">
      <UniqueIdentifier>{a307d53d-ca8e-4a80-b444-c5882390ac6c}</UniqueIdentifier>
    </Filter>
    <Filter Include="헤더 파일">
      <UniqueIdentifier>{93995380-89BD-4b04-88EB-625FBE52EBFB}</UniqueIdentifier>
      <Extensions>h;hpp;hxx;hm;inl;inc;xsd</Extensions>
    </Filter>
    <Filter Include="헤더 파일\Skin">
      <UniqueIdentifier>{8e7638db-7a7a-4307-9fb0-c21f877f461a}</UniqueIdentifier>
    </Filter>
    <Filter Include="리소스 파일">
      <UniqueIdentifier>{67DA6AB6-F800-4c08-8B7A-83BB121AAD01}</UniqueIdentifier>
      <Extensions>rc;ico;cur;bmp;dlg;rc2;rct;bin;rgs;gif;jpg;jpeg;jpe;resx;tiff;tif;png;wav</Extensions>
    </Filter>
  </ItemGroup>
  <ItemGroup>
    <ClCompile Include="AccountDlg.cpp">
      <Filter>소스 파일</Filter>
    </ClCompile>
    <ClCompile Include="Ado.cpp">
      <Filter>소스 파일</Filter>
    </ClCompile>
    <ClCompile Include="BoxDatas.cpp">
      <Filter>소스 파일</Filter>
    </ClCompile>
    <ClCompile Include="ControlDlg.cpp">
      <Filter>소스 파일</Filter>
    </ClCompile>
    <ClCompile Include="HistoryDlg.cpp">
      <Filter>소스 파일</Filter>
    </ClCompile>
    <ClCompile Include="JSocket.cpp">
      <Filter>소스 파일</Filter>
    </ClCompile>
    <ClCompile Include="LoginDlg.cpp">
      <Filter>소스 파일</Filter>
    </ClCompile>
    <ClCompile Include="LongTermUseDlg.cpp">
      <Filter>소스 파일</Filter>
    </ClCompile>
    <ClCompile Include="PLCControl.cpp">
      <Filter>소스 파일</Filter>
    </ClCompile>
    <ClCompile Include="PLCMatrixDatas.cpp">
      <Filter>소스 파일</Filter>
    </ClCompile>
    <ClCompile Include="SetAutoBlockingDlg.cpp">
      <Filter>소스 파일</Filter>
    </ClCompile>
    <ClCompile Include="SMSHistoryDlg.cpp">
      <Filter>소스 파일</Filter>
    </ClCompile>
    <ClCompile Include="SMSSendDlg.cpp">
      <Filter>소스 파일</Filter>
    </ClCompile>
    <ClCompile Include="SMT_Manager.cpp">
      <Filter>소스 파일</Filter>
    </ClCompile>
    <ClCompile Include="SMT_ManagerDlg.cpp">
      <Filter>소스 파일</Filter>
    </ClCompile>
    <ClCompile Include="SMTPacket.cpp">
      <Filter>소스 파일</Filter>
    </ClCompile>
    <ClCompile Include="stdafx.cpp">
      <Filter>소스 파일</Filter>
    </ClCompile>
    <ClCompile Include="UtilFile.cpp">
      <Filter>소스 파일</Filter>
    </ClCompile>
    <ClCompile Include="BaseButton.cpp">
      <Filter>소스 파일\Skin</Filter>
    </ClCompile>
    <ClCompile Include="BaseStatic.cpp">
      <Filter>소스 파일\Skin</Filter>
    </ClCompile>
    <ClCompile Include="Global.cpp">
      <Filter>소스 파일\Skin</Filter>
    </ClCompile>
    <ClCompile Include="SkinButton.cpp">
      <Filter>소스 파일\Skin</Filter>
    </ClCompile>
    <ClCompile Include="SkinDialog.cpp">
      <Filter>소스 파일\Skin</Filter>
    </ClCompile>
    <ClCompile Include="SortHeaderCtrl.cpp">
      <Filter>소스 파일\Skin</Filter>
    </ClCompile>
    <ClCompile Include="SortListCtrl.cpp">
      <Filter>소스 파일\Skin</Filter>
    </ClCompile>
    <ClCompile Include="TabCtrlEx.cpp">
      <Filter>소스 파일\Skin</Filter>
    </ClCompile>
    <ClCompile Include="MemDC.cpp">
      <Filter>소스 파일</Filter>
    </ClCompile>
    <ClCompile Include="PaymentHistoryDlg.cpp">
      <Filter>소스 파일</Filter>
    </ClCompile>
    <ClCompile Include="ProductRegistrationDlg.cpp">
      <Filter>소스 파일</Filter>
    </ClCompile>
  </ItemGroup>
  <ItemGroup>
    <ClInclude Include="AccountDlg.h">
      <Filter>헤더 파일</Filter>
    </ClInclude>
    <ClInclude Include="Ado.h">
      <Filter>헤더 파일</Filter>
    </ClInclude>
    <ClInclude Include="BoxDatas.h">
      <Filter>헤더 파일</Filter>
    </ClInclude>
    <ClInclude Include="ControlDlg.h">
      <Filter>헤더 파일</Filter>
    </ClInclude>
    <ClInclude Include="HistoryDlg.h">
      <Filter>헤더 파일</Filter>
    </ClInclude>
    <ClInclude Include="ImageProto.h">
      <Filter>헤더 파일</Filter>
    </ClInclude>
    <ClInclude Include="JSocket.h">
      <Filter>헤더 파일</Filter>
    </ClInclude>
    <ClInclude Include="LoginDlg.h">
      <Filter>헤더 파일</Filter>
    </ClInclude>
    <ClInclude Include="LongTermUseDlg.h">
      <Filter>헤더 파일</Filter>
    </ClInclude>
    <ClInclude Include="PLCControl.h">
      <Filter>헤더 파일</Filter>
    </ClInclude>
    <ClInclude Include="PLCMatrixDatas.h">
      <Filter>헤더 파일</Filter>
    </ClInclude>
    <ClInclude Include="Resource.h">
      <Filter>헤더 파일</Filter>
    </ClInclude>
    <ClInclude Include="SetAutoBlockingDlg.h">
      <Filter>헤더 파일</Filter>
    </ClInclude>
    <ClInclude Include="SMSHistoryDlg.h">
      <Filter>헤더 파일</Filter>
    </ClInclude>
    <ClInclude Include="SMSSendDlg.h">
      <Filter>헤더 파일</Filter>
    </ClInclude>
    <ClInclude Include="SMT_Manager.h">
      <Filter>헤더 파일</Filter>
    </ClInclude>
    <ClInclude Include="SMT_ManagerDlg.h">
      <Filter>헤더 파일</Filter>
    </ClInclude>
    <ClInclude Include="SMTPacket.h">
      <Filter>헤더 파일</Filter>
    </ClInclude>
    <ClInclude Include="stdafx.h">
      <Filter>헤더 파일</Filter>
    </ClInclude>
    <ClInclude Include="SystemProto.h">
      <Filter>헤더 파일</Filter>
    </ClInclude>
    <ClInclude Include="targetver.h">
      <Filter>헤더 파일</Filter>
    </ClInclude>
    <ClInclude Include="UtilFile.h">
      <Filter>헤더 파일</Filter>
    </ClInclude>
    <ClInclude Include="BaseButton.h">
      <Filter>헤더 파일\Skin</Filter>
    </ClInclude>
    <ClInclude Include="BaseStatic.h">
      <Filter>헤더 파일\Skin</Filter>
    </ClInclude>
    <ClInclude Include="Global.h">
      <Filter>헤더 파일\Skin</Filter>
    </ClInclude>
    <ClInclude Include="MemDC.h">
      <Filter>헤더 파일\Skin</Filter>
    </ClInclude>
    <ClInclude Include="SkinButton.h">
      <Filter>헤더 파일\Skin</Filter>
    </ClInclude>
    <ClInclude Include="SkinDialog.h">
      <Filter>헤더 파일\Skin</Filter>
    </ClInclude>
    <ClInclude Include="SortHeaderCtrl.h">
      <Filter>헤더 파일\Skin</Filter>
    </ClInclude>
    <ClInclude Include="SortListCtrl.h">
      <Filter>헤더 파일\Skin</Filter>
    </ClInclude>
    <ClInclude Include="ProductRegistrationDlg.h">
      <Filter>헤더 파일</Filter>
    </ClInclude>
    <ClInclude Include="TabCtrlEx.h">
      <Filter>헤더 파일</Filter>
    </ClInclude>
  </ItemGroup>
  <ItemGroup>
    <Image Include="res\SMT_Manager.ico">
      <Filter>리소스 파일</Filter>
    </Image>
  </ItemGroup>
  <ItemGroup>
    <ResourceCompile Include="SMT_Manager.rc">
      <Filter>리소스 파일</Filter>
    </ResourceCompile>
  </ItemGroup>
  <ItemGroup>
    <None Include="res\SMT_Manager.rc2">
      <Filter>리소스 파일</Filter>
    </None>
  </ItemGroup>
  <ItemGroup>
    <Text Include="ReadMe.txt" />
  </ItemGroup>
</Project>